# This file is autogenerated, do not edit; changes may be undone by the next 'dep ensure'.


[[projects]]
  name = "github.com/Azure/azure-pipeline-go"
  packages = ["pipeline"]
  revision = "0f0dbf237bd47d5688310dbd3fac369353f280d0"
  version = "0.1.5"

[[projects]]
  name = "github.com/Azure/azure-storage-blob-go"
  packages = ["2017-07-29/azblob"]
  revision = "d9b2979663489192f3aff3314a2b7bdf07a50edd"
  version = "0.1.3"

[[projects]]
  name = "github.com/inconshreveable/mousetrap"
  packages = ["."]
  revision = "76626ae9c91c4f2a10f34cad8ce83ea42c93bb75"
  version = "v1.0"

[[projects]]
  name = "github.com/pkg/errors"
  packages = ["."]
  revision = "645ef00459ed84a119197bfb8d8205042c6df63d"
  version = "v0.8.0"

[[projects]]
  name = "github.com/spf13/cobra"
  packages = ["."]
  revision = "f62e98d28ab7ad31d707ba837a966378465c7b57"

[[projects]]
  name = "github.com/spf13/pflag"
  packages = ["."]
  revision = "583c0c0531f06d5278b7d917446061adc344b5cd"
  version = "v1.0.1"

[solve-meta]
  analyzer-name = "dep"
  analyzer-version = 1
  inputs-digest = "a3895f29ad605b58e1821f4f12bf0cd5a8498ca8c51bf9b5028dc98cebde9de1"
  solver-name = "gps-cdcl"
  solver-version = 1
